
Microsoft Visual Studio Solution File, Format Version 11.00
# Visual C# Express 2010
Project("{FAE04EC0-301F-11D3-BF4B-00C04F79EFBC}") = "GridExample", "GridExample.csproj", "{C6903DDB-8187-4890-A6D6-F5A9C8ED035E}"
EndProject
Global
	GlobalSection(SolutionConfigurationPlatforms) = preSolution
		Debug|x86 = Debug|x86
		Release|x86 = Release|x86
	EndGlobalSection
	GlobalSection(ProjectConfigurationPlatforms) = postSolution
		{C6903DDB-8187-4890-A6D6-F5A9C8ED035E}.Debug|x86.ActiveCfg = Debug|x86
		{C6903DDB-8187-4890-A6D6-F5A9C8ED035E}.Debug|x86.Build.0 = Debug|x86
		{C6903DDB-8187-4890-A6D6-F5A9C8ED035E}.Release|x86.ActiveCfg = Release|x86
		{C6903DDB-8187-4890-A6D6-F5A9C8ED035E}.Release|x86.Build.0 = Release|x86
	EndGlobalSection
	GlobalSection(SolutionProperties) = preSolution
		HideSolutionNode = FALSE
	EndGlobalSection
EndGlobal
